
Microsoft Visual Studio Solution File, Format Version 12.00
# Visual Studio Version 17
VisualStudioVersion = 17.4.33110.190
MinimumVisualStudioVersion = 10.0.40219.1
Project("{FAE04EC0-301F-11D3-BF4B-00C04F79EFBC}") = "HashToBase64Encoder", "HashToBase64Encoder.csproj", "{D7D7CAD1-E1F3-4DB2-B0A1-FB1FC70A61B4}"
EndProject
Global
	GlobalSection(SolutionConfigurationPlatforms) = preSolution
		Debug|Any CPU = Debug|Any CPU
		Release|Any CPU = Release|Any CPU
	EndGlobalSection
	GlobalSection(ProjectConfigurationPlatforms) = postSolution
		{D7D7CAD1-E1F3-4DB2-B0A1-FB1FC70A61B4}.Debug|Any CPU.ActiveCfg = Debug|Any CPU
		{D7D7CAD1-E1F3-4DB2-B0A1-FB1FC70A61B4}.Debug|Any CPU.Build.0 = Debug|Any CPU
		{D7D7CAD1-E1F3-4DB2-B0A1-FB1FC70A61B4}.Release|Any CPU.ActiveCfg = Release|Any CPU
		{D7D7CAD1-E1F3-4DB2-B0A1-FB1FC70A61B4}.Release|Any CPU.Build.0 = Release|Any CPU
	EndGlobalSection
	GlobalSection(SolutionProperties) = preSolution
		HideSolutionNode = FALSE
	EndGlobalSection
	GlobalSection(ExtensibilityGlobals) = postSolution
		SolutionGuid = {C6665EA5-F94F-415D-867D-80F2CE9C7C46}
	EndGlobalSection
EndGlobal
